
Microsoft Visual Studio Solution File, Format Version 12.00
# Visual Studio Version 17
VisualStudioVersion = 17.10.35004.147
MinimumVisualStudioVersion = 10.0.40219.1
Project("{9A19103F-16F7-4668-BE54-9A1E7A4F7556}") = "Comandas.Api", "Comandas.Api\Comandas.Api.csproj", "{DAA69CFF-33FA-44A3-A9CA-EC74B83F3CE4}"
EndProject
Project("{E53339B2-1760-4266-BCC7-CA923CBCF16C}") = "docker-compose", "docker-compose.dcproj", "{BC855CA6-8297-4968-B628-987E4D2E4EA5}"
EndProject
Project("{2150E333-8FDC-42A3-9474-1A3956D46DE8}") = "02.Comandas.Services", "02.Comandas.Services", "{881BBBF1-86A0-4221-9739-F9EEB8392687}"
EndProject
Project("{2150E333-8FDC-42A3-9474-1A3956D46DE8}") = "03.Comandas.Data", "03.Comandas.Data", "{90F5270E-D862-4144-8994-CBE364C822BC}"
EndProject
Project("{2150E333-8FDC-42A3-9474-1A3956D46DE8}") = "04.Comandas.Domain", "04.Comandas.Domain", "{6F56422C-7B6E-4049-A0BE-079D133A7AA0}"
EndProject
Project("{2150E333-8FDC-42A3-9474-1A3956D46DE8}") = "05.Comandas.Testes", "05.Comandas.Testes", "{4E502DC6-9B93-4C20-B193-C42C4EFCE783}"
EndProject
Project("{2150E333-8FDC-42A3-9474-1A3956D46DE8}") = "01.Comandas.Api", "01.Comandas.Api", "{95FCFD66-96A2-4892-98D6-55D05A55506C}"
EndProject
Project("{9A19103F-16F7-4668-BE54-9A1E7A4F7556}") = "Comandas.Data", "Comandas.Data\Comandas.Data.csproj", "{43C2463A-AE64-4839-B0D2-B76BB10A8E3A}"
EndProject
Project("{9A19103F-16F7-4668-BE54-9A1E7A4F7556}") = "Comandas.Services", "Comandas.Services\Comandas.Services.csproj", "{1483E3B0-1933-406D-9E0A-F942DED51FAA}"
EndProject
Project("{9A19103F-16F7-4668-BE54-9A1E7A4F7556}") = "Comandas.Domain", "Comandas.Domain\Comandas.Domain.csproj", "{F9B68954-7974-40D7-A46E-4F291758CC19}"
EndProject
Project("{9A19103F-16F7-4668-BE54-9A1E7A4F7556}") = "Comandas.Testes", "Comandas.Testes\Comandas.Testes.csproj", "{14B0F9E2-87D0-48DA-9748-DF8BBD32EE2A}"
EndProject
Project("{2150E333-8FDC-42A3-9474-1A3956D46DE8}") = "06.Infra", "06.Infra", "{D6D1924A-F272-439B-9CA2-D4335D0257F1}"
EndProject
Project("{9A19103F-16F7-4668-BE54-9A1E7A4F7556}") = "Comandas.Shared", "Comandas.Shared\Comandas.Shared.csproj", "{CA8B739C-670F-4E67-8035-C1F241645F81}"
EndProject
Global
	GlobalSection(SolutionConfigurationPlatforms) = preSolution
		Debug|Any CPU = Debug|Any CPU
		Release|Any CPU = Release|Any CPU
	EndGlobalSection
	GlobalSection(ProjectConfigurationPlatforms) = postSolution
		{DAA69CFF-33FA-44A3-A9CA-EC74B83F3CE4}.Debug|Any CPU.ActiveCfg = Debug|Any CPU
		{DAA69CFF-33FA-44A3-A9CA-EC74B83F3CE4}.Debug|Any CPU.Build.0 = Debug|Any CPU
		{DAA69CFF-33FA-44A3-A9CA-EC74B83F3CE4}.Release|Any CPU.ActiveCfg = Release|Any CPU
		{DAA69CFF-33FA-44A3-A9CA-EC74B83F3CE4}.Release|Any CPU.Build.0 = Release|Any CPU
		{BC855CA6-8297-4968-B628-987E4D2E4EA5}.Debug|Any CPU.ActiveCfg = Debug|Any CPU
		{BC855CA6-8297-4968-B628-987E4D2E4EA5}.Debug|Any CPU.Build.0 = Debug|Any CPU
		{BC855CA6-8297-4968-B628-987E4D2E4EA5}.Release|Any CPU.ActiveCfg = Release|Any CPU
		{BC855CA6-8297-4968-B628-987E4D2E4EA5}.Release|Any CPU.Build.0 = Release|Any CPU
		{43C2463A-AE64-4839-B0D2-B76BB10A8E3A}.Debug|Any CPU.ActiveCfg = Debug|Any CPU
		{43C2463A-AE64-4839-B0D2-B76BB10A8E3A}.Debug|Any CPU.Build.0 = Debug|Any CPU
		{43C2463A-AE64-4839-B0D2-B76BB10A8E3A}.Release|Any CPU.ActiveCfg = Release|Any CPU
		{43C2463A-AE64-4839-B0D2-B76BB10A8E3A}.Release|Any CPU.Build.0 = Release|Any CPU
		{1483E3B0-1933-406D-9E0A-F942DED51FAA}.Debug|Any CPU.ActiveCfg = Debug|Any CPU
		{1483E3B0-1933-406D-9E0A-F942DED51FAA}.Debug|Any CPU.Build.0 = Debug|Any CPU
		{1483E3B0-1933-406D-9E0A-F942DED51FAA}.Release|Any CPU.ActiveCfg = Release|Any CPU
		{1483E3B0-1933-406D-9E0A-F942DED51FAA}.Release|Any CPU.Build.0 = Release|Any CPU
		{F9B68954-7974-40D7-A46E-4F291758CC19}.Debug|Any CPU.ActiveCfg = Debug|Any CPU
		{F9B68954-7974-40D7-A46E-4F291758CC19}.Debug|Any CPU.Build.0 = Debug|Any CPU
		{F9B68954-7974-40D7-A46E-4F291758CC19}.Release|Any CPU.ActiveCfg = Release|Any CPU
		{F9B68954-7974-40D7-A46E-4F291758CC19}.Release|Any CPU.Build.0 = Release|Any CPU
		{14B0F9E2-87D0-48DA-9748-DF8BBD32EE2A}.Debug|Any CPU.ActiveCfg = Debug|Any CPU
		{14B0F9E2-87D0-48DA-9748-DF8BBD32EE2A}.Debug|Any CPU.Build.0 = Debug|Any CPU
		{14B0F9E2-87D0-48DA-9748-DF8BBD32EE2A}.Release|Any CPU.ActiveCfg = Release|Any CPU
		{14B0F9E2-87D0-48DA-9748-DF8BBD32EE2A}.Release|Any CPU.Build.0 = Release|Any CPU
		{CA8B739C-670F-4E67-8035-C1F241645F81}.Debug|Any CPU.ActiveCfg = Debug|Any CPU
		{CA8B739C-670F-4E67-8035-C1F241645F81}.Debug|Any CPU.Build.0 = Debug|Any CPU
		{CA8B739C-670F-4E67-8035-C1F241645F81}.Release|Any CPU.ActiveCfg = Release|Any CPU
		{CA8B739C-670F-4E67-8035-C1F241645F81}.Release|Any CPU.Build.0 = Release|Any CPU
	EndGlobalSection
	GlobalSection(SolutionProperties) = preSolution
		HideSolutionNode = FALSE
	EndGlobalSection
	GlobalSection(NestedProjects) = preSolution
		{DAA69CFF-33FA-44A3-A9CA-EC74B83F3CE4} = {95FCFD66-96A2-4892-98D6-55D05A55506C}
		{43C2463A-AE64-4839-B0D2-B76BB10A8E3A} = {90F5270E-D862-4144-8994-CBE364C822BC}
		{1483E3B0-1933-406D-9E0A-F942DED51FAA} = {881BBBF1-86A0-4221-9739-F9EEB8392687}
		{F9B68954-7974-40D7-A46E-4F291758CC19} = {6F56422C-7B6E-4049-A0BE-079D133A7AA0}
		{14B0F9E2-87D0-48DA-9748-DF8BBD32EE2A} = {4E502DC6-9B93-4C20-B193-C42C4EFCE783}
		{CA8B739C-670F-4E67-8035-C1F241645F81} = {D6D1924A-F272-439B-9CA2-D4335D0257F1}
	EndGlobalSection
	GlobalSection(ExtensibilityGlobals) = postSolution
		SolutionGuid = {9A7E7074-754C-4BD1-A36E-5365D80F2DD2}
	EndGlobalSection
EndGlobal
